github.com/davecgh/go-spew v1.1.1/go.mod h1:J7Y8YcW2NihsgmVo/mv3lAwl/skON4iLHjSsI+c5H38=
github.com/ghodss/yaml v1.0.0 h1:wQHKEahhL6wmXdzwWG11gIVCkOv05bNOh+Rxn0yngAk=
github.com/ghodss/yaml v1.0.0/go.mod h1:4dBDuWmgqj2HViK6kFavaiC9ZROes6MMH2rRYeMEF04=
github.com/konsorten/go-windows-terminal-sequences v1.0.1/go.mod h1:T0+1ngSBFLxvqU3pZ+m/2kptfBszLMUkC4ZK/EgS/cQ=
github.com/pmezard/go-difflib v1.0.0/go.mod h1:iKH77koFhYxTK1pcRnkKkqfTogsbg7gZNVY4sRDYZ/4=
github.com/sirupsen/logrus v1.4.2 h1:SPIRibHv4MatM3XXNO2BJeFLZwZ2LvZgfQ5+UNI2im4=
github.com/sirupsen/logrus v1.4.2/go.mod h1:tLMulIdttU9McNUspp0xgXVQah82FyeX6MwdIuYE2rE=
github.com/streadway/amqp v0.0.0-20200108173154-1c71cc93ed71 h1:2MR0pKUzlP3SGgj5NYJe/zRYDwOu9ku6YHy+Iw7l5DM=
github.com/streadway/amqp v0.0.0-20200108173154-1c71cc93ed71/go.mod h1:AZpEONHx3DKn8O/DFsRAY58/XVQiIPMTMB1SddzLXVw=
github.com/stretchr/objx v0.1.1/go.mod h1:HFkY916IF+rwdDfMAkV7OtwuqBVzrE8GR6GFx+wExME=
github.com/stretchr/testify v1.2.2/go.mod h1:a8OnRcib4nhh0OaRAV+Yts87kKdq0PP7pXfy6kDkUVs=
github.com/tkanos/gonfig v0.0.0-20181112185242-896f3d81fadf h1:sepG1nOX39NO8y8E+sYMkkKSDxiAfZ0XL0l0+vogwBw=
github.com/tkanos/gonfig v0.0.0-20181112185242-896f3d81fadf/go.mod h1:DaZPBuToMc2eezA9R9nDAnmS2RMwL7yEa5YD36ESQdI=
github.com/yossefazoulay/go_utils v0.0.0-20200303171951-f5b285150f8e h1:x6uFY9Rnljyl0eufF2vGEzOZiY6FHtJhhbIkkddUBF4=
github.com/yossefazoulay/go_utils v0.0.0-20200303171951-f5b285150f8e/go.mod h1:ucV4wyWrZXmLM1Y8J/xEjYE1Ho7kt+wYNwWEx4vL13E=
github.com/yossefazoulay/go_utils v0.0.0-20200304060037-6310acc6c7e3 h1:9kPV1gJ88wmxN1XyFL9UZSQ+WvQdEt+g/VT4Jhf3Ze8=
github.com/yossefazoulay/go_utils v0.0.0-20200304060037-6310acc6c7e3/go.mod h1:ucV4wyWrZXmLM1Y8J/xEjYE1Ho7kt+wYNwWEx4vL13E=
github.com/yossefazoulay/go_utils v0.0.0-20200308155421-5404c9cd8e48 h1:113rq8zUieF9rs3UGsZtjWF2dkD5tBST1lZwDyEsn5A=
github.com/yossefazoulay/go_utils v0.0.0-20200308155421-5404c9cd8e48/go.mod h1:ucV4wyWrZXmLM1Y8J/xEjYE1Ho7kt+wYNwWEx4vL13E=
github.com/yossefazoulay/go_utils v0.0.0-20200308193016-c11c30252cca h1:JA/p63sVpzFJ2jQEnaxPHdtiNB17B+rcdH6eYCaVbDg=
github.com/yossefazoulay/go_utils v0.0.0-20200308193016-c11c30252cca/go.mod h1:ucV4wyWrZXmLM1Y8J/xEjYE1Ho7kt+wYNwWEx4vL13E=
github.com/yossefazoulay/go_utils v0.0.0-20200309082032-38efe2e9071f h1:fM5830SCgSDRcxQoStilc2Q0pBF9vwTqlG+GrQOMas8=
github.com/yossefazoulay/go_utils v0.0.0-20200309082032-38efe2e9071f/go.mod h1:ucV4wyWrZXmLM1Y8J/xEjYE1Ho7kt+wYNwWEx4vL13E=
github.com/yossefazoulay/go_utils v0.0.0-20200309101634-5f2f1b588e41 h1:p2IzM22+tHnn+XCLzBqZkIiYBZxO/18mHE0POJGcits=
github.com/yossefazoulay/go_utils v0.0.0-20200309101634-5f2f1b588e41/go.mod h1:ucV4wyWrZXmLM1Y8J/xEjYE1Ho7kt+wYNwWEx4vL13E=
github.com/yossefazoulay/go_utils v0.0.0-20200309140142-71092d26bf68 h1:GgWU2wIWQIHnYcq0M9hwLMN/3sJ/cwhkRdbGp8xDm64=
github.com/yossefazoulay/go_utils v0.0.0-20200309140142-71092d26bf68/go.mod h1:ucV4wyWrZXmLM1Y8J/xEjYE1Ho7kt+wYNwWEx4vL13E=
golang.org/x/sys v0.0.0-20190422165155-953cdadca894 h1:Cz4ceDQGXuKRnVBDTS23GTn/pU5OE2C0WrNTOYK1Uuc=
golang.org/x/sys v0.0.0-20190422165155-953cdadca894/go.mod h1:h1NjWce9XRLGQEsW7wpKNCjG9DtNlClVuFLEZdDNbEs=
gopkg.in/check.v1 v0.0.0-20161208181325-20d25e280405/go.mod h1:Co6ibVJAznAaIkqp8huTwlJQCZ016jof/cbN4VW5Yz0=
gopkg.in/yaml.v2 v2.2.8 h1:obN1ZagJSUGI0Ek/LBmuj4SNLPfIny3KsKFopxRdj10=
gopkg.in/yaml.v2 v2.2.8/go.mod h1:hI93XBmqTisBFMUTm0b8Fm+jr3Dg1NNxqwp+5A1VGuI=
