github.com/ghodss/yaml v1.0.0 h1:wQHKEahhL6wmXdzwWG11gIVCkOv05bNOh+Rxn0yngAk=
github.com/ghodss/yaml v1.0.0/go.mod h1:4dBDuWmgqj2HViK6kFavaiC9ZROes6MMH2rRYeMEF04=
github.com/streadway/amqp v0.0.0-20200108173154-1c71cc93ed71 h1:2MR0pKUzlP3SGgj5NYJe/zRYDwOu9ku6YHy+Iw7l5DM=
github.com/streadway/amqp v0.0.0-20200108173154-1c71cc93ed71/go.mod h1:AZpEONHx3DKn8O/DFsRAY58/XVQiIPMTMB1SddzLXVw=
github.com/tkanos/gonfig v0.0.0-20181112185242-896f3d81fadf h1:sepG1nOX39NO8y8E+sYMkkKSDxiAfZ0XL0l0+vogwBw=
github.com/tkanos/gonfig v0.0.0-20181112185242-896f3d81fadf/go.mod h1:DaZPBuToMc2eezA9R9nDAnmS2RMwL7yEa5YD36ESQdI=
github.com/yossefazoulay/go_utils v0.0.0-20200225132654-7bda506af649 h1:r+A83vOkjss8gJlJvPR72SmvI8MfcWy3Q7sY2DK/70o=
github.com/yossefazoulay/go_utils v0.0.0-20200225132654-7bda506af649/go.mod h1:NcDyn02QHrXdhh0AjNutpI8dKAlJYq6WpsJfj8OUTz0=
github.com/yossefazoulay/go_utils v0.0.0-20200225183944-cd10ffd6da24 h1:kG6yedAVjtSo3ZKItLONt5c/3h2CR2siQ9EOeMom6dk=
github.com/yossefazoulay/go_utils v0.0.0-20200225183944-cd10ffd6da24/go.mod h1:NcDyn02QHrXdhh0AjNutpI8dKAlJYq6WpsJfj8OUTz0=
gopkg.in/check.v1 v0.0.0-20161208181325-20d25e280405/go.mod h1:Co6ibVJAznAaIkqp8huTwlJQCZ016jof/cbN4VW5Yz0=
gopkg.in/yaml.v2 v2.2.8 h1:obN1ZagJSUGI0Ek/LBmuj4SNLPfIny3KsKFopxRdj10=
gopkg.in/yaml.v2 v2.2.8/go.mod h1:hI93XBmqTisBFMUTm0b8Fm+jr3Dg1NNxqwp+5A1VGuI=
